
Microsoft Visual Studio Solution File, Format Version 12.00
# Visual Studio Version 16
VisualStudioVersion = 16.0.30503.244
MinimumVisualStudioVersion = 10.0.40219.1
Project("{9A19103F-16F7-4668-BE54-9A1E7A4F7556}") = "MandelbrotServer", "MandelbrotServer\MandelbrotServer.csproj", "{5A471FFD-EA52-4708-A4C5-4127BDF68041}"
EndProject
Project("{9A19103F-16F7-4668-BE54-9A1E7A4F7556}") = "MandelbrotLib", "MandelbrotLib\MandelbrotLib.csproj", "{504D87B6-E44C-4C72-9AAC-A2253E5A415D}"
EndProject
Project("{9A19103F-16F7-4668-BE54-9A1E7A4F7556}") = "WPFClient", "WPFClient\WPFClient.csproj", "{83D29CF2-CF10-44E0-82A7-F813D98EB79C}"
EndProject
Project("{9A19103F-16F7-4668-BE54-9A1E7A4F7556}") = "Ventilator", "Ventilator\Ventilator.csproj", "{18F78F61-6961-440D-8064-1EE651426866}"
EndProject
Project("{9A19103F-16F7-4668-BE54-9A1E7A4F7556}") = "Worker", "Worker\Worker.csproj", "{49540FAB-3B40-4BC1-9383-190040C7F243}"
EndProject
Project("{9A19103F-16F7-4668-BE54-9A1E7A4F7556}") = "Sink", "Sink\Sink.csproj", "{95931062-C398-4540-BFE3-FABB6E344A04}"
EndProject
Project("{2150E333-8FDC-42A3-9474-1A3956D46DE8}") = "Solution Items", "Solution Items", "{E1E6E13D-C899-4CFB-85B9-A47A8F41E32F}"
	ProjectSection(SolutionItems) = preProject
		app.config = app.config
	EndProjectSection
EndProject
Global
	GlobalSection(SolutionConfigurationPlatforms) = preSolution
		Debug|Any CPU = Debug|Any CPU
		Release|Any CPU = Release|Any CPU
	EndGlobalSection
	GlobalSection(ProjectConfigurationPlatforms) = postSolution
		{5A471FFD-EA52-4708-A4C5-4127BDF68041}.Debug|Any CPU.ActiveCfg = Debug|Any CPU
		{5A471FFD-EA52-4708-A4C5-4127BDF68041}.Debug|Any CPU.Build.0 = Debug|Any CPU
		{5A471FFD-EA52-4708-A4C5-4127BDF68041}.Release|Any CPU.ActiveCfg = Release|Any CPU
		{5A471FFD-EA52-4708-A4C5-4127BDF68041}.Release|Any CPU.Build.0 = Release|Any CPU
		{504D87B6-E44C-4C72-9AAC-A2253E5A415D}.Debug|Any CPU.ActiveCfg = Debug|Any CPU
		{504D87B6-E44C-4C72-9AAC-A2253E5A415D}.Debug|Any CPU.Build.0 = Debug|Any CPU
		{504D87B6-E44C-4C72-9AAC-A2253E5A415D}.Release|Any CPU.ActiveCfg = Release|Any CPU
		{504D87B6-E44C-4C72-9AAC-A2253E5A415D}.Release|Any CPU.Build.0 = Release|Any CPU
		{83D29CF2-CF10-44E0-82A7-F813D98EB79C}.Debug|Any CPU.ActiveCfg = Debug|Any CPU
		{83D29CF2-CF10-44E0-82A7-F813D98EB79C}.Debug|Any CPU.Build.0 = Debug|Any CPU
		{83D29CF2-CF10-44E0-82A7-F813D98EB79C}.Release|Any CPU.ActiveCfg = Release|Any CPU
		{83D29CF2-CF10-44E0-82A7-F813D98EB79C}.Release|Any CPU.Build.0 = Release|Any CPU
		{18F78F61-6961-440D-8064-1EE651426866}.Debug|Any CPU.ActiveCfg = Debug|Any CPU
		{18F78F61-6961-440D-8064-1EE651426866}.Debug|Any CPU.Build.0 = Debug|Any CPU
		{18F78F61-6961-440D-8064-1EE651426866}.Release|Any CPU.ActiveCfg = Release|Any CPU
		{18F78F61-6961-440D-8064-1EE651426866}.Release|Any CPU.Build.0 = Release|Any CPU
		{49540FAB-3B40-4BC1-9383-190040C7F243}.Debug|Any CPU.ActiveCfg = Debug|Any CPU
		{49540FAB-3B40-4BC1-9383-190040C7F243}.Debug|Any CPU.Build.0 = Debug|Any CPU
		{49540FAB-3B40-4BC1-9383-190040C7F243}.Release|Any CPU.ActiveCfg = Release|Any CPU
		{49540FAB-3B40-4BC1-9383-190040C7F243}.Release|Any CPU.Build.0 = Release|Any CPU
		{95931062-C398-4540-BFE3-FABB6E344A04}.Debug|Any CPU.ActiveCfg = Debug|Any CPU
		{95931062-C398-4540-BFE3-FABB6E344A04}.Debug|Any CPU.Build.0 = Debug|Any CPU
		{95931062-C398-4540-BFE3-FABB6E344A04}.Release|Any CPU.ActiveCfg = Release|Any CPU
		{95931062-C398-4540-BFE3-FABB6E344A04}.Release|Any CPU.Build.0 = Release|Any CPU
	EndGlobalSection
	GlobalSection(SolutionProperties) = preSolution
		HideSolutionNode = FALSE
	EndGlobalSection
	GlobalSection(ExtensibilityGlobals) = postSolution
		SolutionGuid = {58244388-645B-4680-A8CC-5A61C0A33CBB}
	EndGlobalSection
EndGlobal
